
Microsoft Visual Studio Solution File, Format Version 12.00
# Visual Studio Version 17
VisualStudioVersion = 17.9.34701.34
MinimumVisualStudioVersion = 10.0.40219.1
Project("{9A19103F-16F7-4668-BE54-9A1E7A4F7556}") = "ConvertCurrencyAmountToWords", "ConverCurrencyNumberToWords\ConvertCurrencyAmountToWords.csproj", "{5EE19E09-D0CB-40E9-ACA7-5BF1CB881B55}"
EndProject
Global
	GlobalSection(SolutionConfigurationPlatforms) = preSolution
		Debug|Any CPU = Debug|Any CPU
		Release|Any CPU = Release|Any CPU
	EndGlobalSection
	GlobalSection(ProjectConfigurationPlatforms) = postSolution
		{5EE19E09-D0CB-40E9-ACA7-5BF1CB881B55}.Debug|Any CPU.ActiveCfg = Debug|Any CPU
		{5EE19E09-D0CB-40E9-ACA7-5BF1CB881B55}.Debug|Any CPU.Build.0 = Debug|Any CPU
		{5EE19E09-D0CB-40E9-ACA7-5BF1CB881B55}.Release|Any CPU.ActiveCfg = Release|Any CPU
		{5EE19E09-D0CB-40E9-ACA7-5BF1CB881B55}.Release|Any CPU.Build.0 = Release|Any CPU
	EndGlobalSection
	GlobalSection(SolutionProperties) = preSolution
		HideSolutionNode = FALSE
	EndGlobalSection
	GlobalSection(ExtensibilityGlobals) = postSolution
		SolutionGuid = {CE752F7A-A1A8-4942-8BB7-B372CD670793}
	EndGlobalSection
EndGlobal
